
Microsoft Visual Studio Solution File, Format Version 12.00
# Visual Studio 14
VisualStudioVersion = 14.0.25420.1
MinimumVisualStudioVersion = 10.0.40219.1
Project("{FAE04EC0-301F-11D3-BF4B-00C04F79EFBC}") = "01.LambadaExpressions", "01.LambadaExpressions\01.LambadaExpressions.csproj", "{83435A64-5725-47B2-A12B-D33F1435361C}"
EndProject
Project("{FAE04EC0-301F-11D3-BF4B-00C04F79EFBC}") = "001.test", "001.test\001.test.csproj", "{2730A831-1172-4500-BD9B-388087555C27}"
EndProject
Project("{FAE04EC0-301F-11D3-BF4B-00C04F79EFBC}") = "02.OrderedBankingSystem", "02.OrderedBankingSystem\02.OrderedBankingSystem.csproj", "{21D5344B-9F7B-4889-9948-47BCEECA0221}"
EndProject
Global
	GlobalSection(SolutionConfigurationPlatforms) = preSolution
		Debug|Any CPU = Debug|Any CPU
		Release|Any CPU = Release|Any CPU
	EndGlobalSection
	GlobalSection(ProjectConfigurationPlatforms) = postSolution
		{83435A64-5725-47B2-A12B-D33F1435361C}.Debug|Any CPU.ActiveCfg = Debug|Any CPU
		{83435A64-5725-47B2-A12B-D33F1435361C}.Debug|Any CPU.Build.0 = Debug|Any CPU
		{83435A64-5725-47B2-A12B-D33F1435361C}.Release|Any CPU.ActiveCfg = Release|Any CPU
		{83435A64-5725-47B2-A12B-D33F1435361C}.Release|Any CPU.Build.0 = Release|Any CPU
		{2730A831-1172-4500-BD9B-388087555C27}.Debug|Any CPU.ActiveCfg = Debug|Any CPU
		{2730A831-1172-4500-BD9B-388087555C27}.Debug|Any CPU.Build.0 = Debug|Any CPU
		{2730A831-1172-4500-BD9B-388087555C27}.Release|Any CPU.ActiveCfg = Release|Any CPU
		{2730A831-1172-4500-BD9B-388087555C27}.Release|Any CPU.Build.0 = Release|Any CPU
		{21D5344B-9F7B-4889-9948-47BCEECA0221}.Debug|Any CPU.ActiveCfg = Debug|Any CPU
		{21D5344B-9F7B-4889-9948-47BCEECA0221}.Debug|Any CPU.Build.0 = Debug|Any CPU
		{21D5344B-9F7B-4889-9948-47BCEECA0221}.Release|Any CPU.ActiveCfg = Release|Any CPU
		{21D5344B-9F7B-4889-9948-47BCEECA0221}.Release|Any CPU.Build.0 = Release|Any CPU
	EndGlobalSection
	GlobalSection(SolutionProperties) = preSolution
		HideSolutionNode = FALSE
	EndGlobalSection
EndGlobal
