
Microsoft Visual Studio Solution File, Format Version 12.00
# Visual Studio 14
VisualStudioVersion = 14.0.25420.1
MinimumVisualStudioVersion = 10.0.40219.1
Project("{FAE04EC0-301F-11D3-BF4B-00C04F79EFBC}") = "01.Exercises", "01.Exercises\01.Exercises.csproj", "{76D62670-1E3A-43CE-A98F-988E5387AE56}"
EndProject
Project("{FAE04EC0-301F-11D3-BF4B-00C04F79EFBC}") = "02.OptimizeBankSystem", "03.OptimizeBankSystem\02.OptimizeBankSystem.csproj", "{F8FCD549-F11E-4C4C-B25E-25BA8160E3D6}"
EndProject
Project("{FAE04EC0-301F-11D3-BF4B-00C04F79EFBC}") = "04.Websides", "04.Websides\04.Websides.csproj", "{1969D834-BD90-4E1C-B92F-7033C52A60DD}"
EndProject
Project("{FAE04EC0-301F-11D3-BF4B-00C04F79EFBC}") = "05.Boxes", "05.Boxes\05.Boxes.csproj", "{D721274C-2A35-411C-B3B2-C987FA137C12}"
EndProject
Project("{FAE04EC0-301F-11D3-BF4B-00C04F79EFBC}") = "03.Animals", "03.Animals\03.Animals.csproj", "{C91AB283-E6F6-4087-BB34-AC36FA5EEEA8}"
EndProject
Global
	GlobalSection(SolutionConfigurationPlatforms) = preSolution
		Debug|Any CPU = Debug|Any CPU
		Release|Any CPU = Release|Any CPU
	EndGlobalSection
	GlobalSection(ProjectConfigurationPlatforms) = postSolution
		{76D62670-1E3A-43CE-A98F-988E5387AE56}.Debug|Any CPU.ActiveCfg = Debug|Any CPU
		{76D62670-1E3A-43CE-A98F-988E5387AE56}.Debug|Any CPU.Build.0 = Debug|Any CPU
		{76D62670-1E3A-43CE-A98F-988E5387AE56}.Release|Any CPU.ActiveCfg = Release|Any CPU
		{76D62670-1E3A-43CE-A98F-988E5387AE56}.Release|Any CPU.Build.0 = Release|Any CPU
		{F8FCD549-F11E-4C4C-B25E-25BA8160E3D6}.Debug|Any CPU.ActiveCfg = Debug|Any CPU
		{F8FCD549-F11E-4C4C-B25E-25BA8160E3D6}.Debug|Any CPU.Build.0 = Debug|Any CPU
		{F8FCD549-F11E-4C4C-B25E-25BA8160E3D6}.Release|Any CPU.ActiveCfg = Release|Any CPU
		{F8FCD549-F11E-4C4C-B25E-25BA8160E3D6}.Release|Any CPU.Build.0 = Release|Any CPU
		{1969D834-BD90-4E1C-B92F-7033C52A60DD}.Debug|Any CPU.ActiveCfg = Debug|Any CPU
		{1969D834-BD90-4E1C-B92F-7033C52A60DD}.Debug|Any CPU.Build.0 = Debug|Any CPU
		{1969D834-BD90-4E1C-B92F-7033C52A60DD}.Release|Any CPU.ActiveCfg = Release|Any CPU
		{1969D834-BD90-4E1C-B92F-7033C52A60DD}.Release|Any CPU.Build.0 = Release|Any CPU
		{D721274C-2A35-411C-B3B2-C987FA137C12}.Debug|Any CPU.ActiveCfg = Debug|Any CPU
		{D721274C-2A35-411C-B3B2-C987FA137C12}.Debug|Any CPU.Build.0 = Debug|Any CPU
		{D721274C-2A35-411C-B3B2-C987FA137C12}.Release|Any CPU.ActiveCfg = Release|Any CPU
		{D721274C-2A35-411C-B3B2-C987FA137C12}.Release|Any CPU.Build.0 = Release|Any CPU
		{C91AB283-E6F6-4087-BB34-AC36FA5EEEA8}.Debug|Any CPU.ActiveCfg = Debug|Any CPU
		{C91AB283-E6F6-4087-BB34-AC36FA5EEEA8}.Debug|Any CPU.Build.0 = Debug|Any CPU
		{C91AB283-E6F6-4087-BB34-AC36FA5EEEA8}.Release|Any CPU.ActiveCfg = Release|Any CPU
		{C91AB283-E6F6-4087-BB34-AC36FA5EEEA8}.Release|Any CPU.Build.0 = Release|Any CPU
	EndGlobalSection
	GlobalSection(SolutionProperties) = preSolution
		HideSolutionNode = FALSE
	EndGlobalSection
EndGlobal
